
Microsoft Visual Studio Solution File, Format Version 12.00
# Visual Studio Version 17
VisualStudioVersion = 17.7.34031.279
MinimumVisualStudioVersion = 10.0.40219.1
Project("{FAE04EC0-301F-11D3-BF4B-00C04F79EFBC}") = "BucketMgmt_AWS_S3", "BucketMgmt_AWS_S3\BucketMgmt_AWS_S3.csproj", "{EC630A60-69E3-4123-9F8D-5D1B94F27B4F}"
EndProject
Global
	GlobalSection(SolutionConfigurationPlatforms) = preSolution
		Debug|Any CPU = Debug|Any CPU
		Release|Any CPU = Release|Any CPU
	EndGlobalSection
	GlobalSection(ProjectConfigurationPlatforms) = postSolution
		{EC630A60-69E3-4123-9F8D-5D1B94F27B4F}.Debug|Any CPU.ActiveCfg = Debug|Any CPU
		{EC630A60-69E3-4123-9F8D-5D1B94F27B4F}.Debug|Any CPU.Build.0 = Debug|Any CPU
		{EC630A60-69E3-4123-9F8D-5D1B94F27B4F}.Release|Any CPU.ActiveCfg = Release|Any CPU
		{EC630A60-69E3-4123-9F8D-5D1B94F27B4F}.Release|Any CPU.Build.0 = Release|Any CPU
	EndGlobalSection
	GlobalSection(SolutionProperties) = preSolution
		HideSolutionNode = FALSE
	EndGlobalSection
	GlobalSection(ExtensibilityGlobals) = postSolution
		SolutionGuid = {7B25B814-5955-4F4D-A678-D593C7484E05}
	EndGlobalSection
EndGlobal
